
Microsoft Visual Studio Solution File, Format Version 12.00
# Visual Studio 2012
Project("{FAE04EC0-301F-11D3-BF4B-00C04F79EFBC}") = "MyProject", "src\MyProject\MyProject.csproj", "{2F734719-A61F-4B81-A13A-7EB71119EC63}"
EndProject
Project("{2150E333-8FDC-42A3-9474-1A3956D46DE8}") = "Solution Items", "Solution Items", "{D06BFA0D-9563-4A70-A951-D8AFE81AC17D}"
EndProject
Project("{2150E333-8FDC-42A3-9474-1A3956D46DE8}") = "JSHint", "JSHint", "{5B34AD6E-061A-467F-8076-8FD878AB745B}"
	ProjectSection(SolutionItems) = preProject
		src\JSHint.targets = src\JSHint.targets
	EndProjectSection
EndProject
Global
	GlobalSection(SolutionConfigurationPlatforms) = preSolution
		Debug|Any CPU = Debug|Any CPU
		Release|Any CPU = Release|Any CPU
	EndGlobalSection
	GlobalSection(ProjectConfigurationPlatforms) = postSolution
		{2F734719-A61F-4B81-A13A-7EB71119EC63}.Debug|Any CPU.ActiveCfg = Debug|Any CPU
		{2F734719-A61F-4B81-A13A-7EB71119EC63}.Debug|Any CPU.Build.0 = Debug|Any CPU
		{2F734719-A61F-4B81-A13A-7EB71119EC63}.Release|Any CPU.ActiveCfg = Release|Any CPU
		{2F734719-A61F-4B81-A13A-7EB71119EC63}.Release|Any CPU.Build.0 = Release|Any CPU
	EndGlobalSection
	GlobalSection(SolutionProperties) = preSolution
		HideSolutionNode = FALSE
	EndGlobalSection
	GlobalSection(NestedProjects) = preSolution
		{5B34AD6E-061A-467F-8076-8FD878AB745B} = {D06BFA0D-9563-4A70-A951-D8AFE81AC17D}
	EndGlobalSection
EndGlobal
